
Microsoft Visual Studio Solution File, Format Version 12.00
# Visual Studio Version 17
VisualStudioVersion = 17.1.32210.238
MinimumVisualStudioVersion = 10.0.40219.1
Project("{FAE04EC0-301F-11D3-BF4B-00C04F79EFBC}") = "Exam", "Exam\Exam.csproj", "{3444DE0C-7C9A-4716-976B-2D0187FFEFFB}"
EndProject
Project("{FAE04EC0-301F-11D3-BF4B-00C04F79EFBC}") = "Exam.Domain", "Exam.Domain\Exam.Domain.csproj", "{115F731C-49DE-4DC5-AA81-3348D93C4E38}"
EndProject
Project("{FAE04EC0-301F-11D3-BF4B-00C04F79EFBC}") = "Exam.Data", "Exam.Data\Exam.Data.csproj", "{750314FA-913E-4970-AC2F-0A1B792C0953}"
EndProject
Project("{FAE04EC0-301F-11D3-BF4B-00C04F79EFBC}") = "ExamServie", "ExamServie\ExamServie.csproj", "{A4B532ED-E3D2-43B1-882D-AD86D5F52210}"
EndProject
Global
	GlobalSection(SolutionConfigurationPlatforms) = preSolution
		Debug|Any CPU = Debug|Any CPU
		Release|Any CPU = Release|Any CPU
	EndGlobalSection
	GlobalSection(ProjectConfigurationPlatforms) = postSolution
		{3444DE0C-7C9A-4716-976B-2D0187FFEFFB}.Debug|Any CPU.ActiveCfg = Debug|Any CPU
		{3444DE0C-7C9A-4716-976B-2D0187FFEFFB}.Debug|Any CPU.Build.0 = Debug|Any CPU
		{3444DE0C-7C9A-4716-976B-2D0187FFEFFB}.Release|Any CPU.ActiveCfg = Release|Any CPU
		{3444DE0C-7C9A-4716-976B-2D0187FFEFFB}.Release|Any CPU.Build.0 = Release|Any CPU
		{115F731C-49DE-4DC5-AA81-3348D93C4E38}.Debug|Any CPU.ActiveCfg = Debug|Any CPU
		{115F731C-49DE-4DC5-AA81-3348D93C4E38}.Debug|Any CPU.Build.0 = Debug|Any CPU
		{115F731C-49DE-4DC5-AA81-3348D93C4E38}.Release|Any CPU.ActiveCfg = Release|Any CPU
		{115F731C-49DE-4DC5-AA81-3348D93C4E38}.Release|Any CPU.Build.0 = Release|Any CPU
		{750314FA-913E-4970-AC2F-0A1B792C0953}.Debug|Any CPU.ActiveCfg = Debug|Any CPU
		{750314FA-913E-4970-AC2F-0A1B792C0953}.Debug|Any CPU.Build.0 = Debug|Any CPU
		{750314FA-913E-4970-AC2F-0A1B792C0953}.Release|Any CPU.ActiveCfg = Release|Any CPU
		{750314FA-913E-4970-AC2F-0A1B792C0953}.Release|Any CPU.Build.0 = Release|Any CPU
		{A4B532ED-E3D2-43B1-882D-AD86D5F52210}.Debug|Any CPU.ActiveCfg = Debug|Any CPU
		{A4B532ED-E3D2-43B1-882D-AD86D5F52210}.Debug|Any CPU.Build.0 = Debug|Any CPU
		{A4B532ED-E3D2-43B1-882D-AD86D5F52210}.Release|Any CPU.ActiveCfg = Release|Any CPU
		{A4B532ED-E3D2-43B1-882D-AD86D5F52210}.Release|Any CPU.Build.0 = Release|Any CPU
	EndGlobalSection
	GlobalSection(SolutionProperties) = preSolution
		HideSolutionNode = FALSE
	EndGlobalSection
	GlobalSection(ExtensibilityGlobals) = postSolution
		SolutionGuid = {DB29B311-EB90-46E7-8B24-E36D8BF3575C}
	EndGlobalSection
EndGlobal
